
Microsoft Visual Studio Solution File, Format Version 12.00
# Visual Studio Version 17
VisualStudioVersion = 17.4.33103.184
MinimumVisualStudioVersion = 10.0.40219.1
Project("{FAE04EC0-301F-11D3-BF4B-00C04F79EFBC}") = "speedGrapher_Beta2", "speedGrapher_Beta2\speedGrapher_Beta2.csproj", "{E386D92B-89CE-4A14-B93C-7DA8DC72DE78}"
EndProject
Global
	GlobalSection(SolutionConfigurationPlatforms) = preSolution
		Debug|Any CPU = Debug|Any CPU
		Release|Any CPU = Release|Any CPU
	EndGlobalSection
	GlobalSection(ProjectConfigurationPlatforms) = postSolution
		{E386D92B-89CE-4A14-B93C-7DA8DC72DE78}.Debug|Any CPU.ActiveCfg = Debug|Any CPU
		{E386D92B-89CE-4A14-B93C-7DA8DC72DE78}.Debug|Any CPU.Build.0 = Debug|Any CPU
		{E386D92B-89CE-4A14-B93C-7DA8DC72DE78}.Release|Any CPU.ActiveCfg = Release|Any CPU
		{E386D92B-89CE-4A14-B93C-7DA8DC72DE78}.Release|Any CPU.Build.0 = Release|Any CPU
	EndGlobalSection
	GlobalSection(SolutionProperties) = preSolution
		HideSolutionNode = FALSE
	EndGlobalSection
	GlobalSection(ExtensibilityGlobals) = postSolution
		SolutionGuid = {26FD3A1C-7E58-4A2F-871F-EA52E8DF26E1}
	EndGlobalSection
EndGlobal
